
Microsoft Visual Studio Solution File, Format Version 12.00
# Visual Studio Version 17
VisualStudioVersion = 17.12.35527.113
MinimumVisualStudioVersion = 10.0.40219.1
Project("{FAE04EC0-301F-11D3-BF4B-00C04F79EFBC}") = "ExprCalc", "ExprCalc\ExprCalc.csproj", "{D6F4EBC9-7267-4A4A-AE07-C3F982347A9E}"
EndProject
Project("{2150E333-8FDC-42A3-9474-1A3956D46DE8}") = "Tests", "Tests", "{11875CEC-539A-4607-B268-1E6592F094F5}"
EndProject
Project("{FAE04EC0-301F-11D3-BF4B-00C04F79EFBC}") = "ExprCalc.Tests", "Tests\ExprCalc.Tests\ExprCalc.Tests.csproj", "{56A0AA8D-1096-44C7-A804-295A6D733418}"
EndProject
Project("{2150E333-8FDC-42A3-9474-1A3956D46DE8}") = "Common", "Common", "{C26B41A7-CF23-4B98-BCD8-834CC46124BE}"
EndProject
Project("{FAE04EC0-301F-11D3-BF4B-00C04F79EFBC}") = "ExprCalc.ExpressionParsing", "CoreLogic\ExprCalc.ExpressionParsing\ExprCalc.ExpressionParsing.csproj", "{3366A370-7790-4791-935D-4D4D518C4AB2}"
EndProject
Project("{FAE04EC0-301F-11D3-BF4B-00C04F79EFBC}") = "ExprCalc.ExpressionParsing.Tests", "CoreLogic\ExprCalc.ExpressionParsing.Tests\ExprCalc.ExpressionParsing.Tests.csproj", "{7F111FAE-F89A-4C54-A8B2-91BA5CFBB05D}"
EndProject
Project("{2150E333-8FDC-42A3-9474-1A3956D46DE8}") = "RestApi", "RestApi", "{D59BF61B-BA73-4060-A756-C88B940DDC56}"
EndProject
Project("{FAE04EC0-301F-11D3-BF4B-00C04F79EFBC}") = "ExprCalc.RestApi", "RestApi\ExprCalc.RestApi\ExprCalc.RestApi.csproj", "{447FFBD0-5279-4E9F-8BFB-6A1DA9046C87}"
EndProject
Project("{2150E333-8FDC-42A3-9474-1A3956D46DE8}") = "CoreLogic", "CoreLogic", "{4939B10B-7466-44FC-9E67-795EA35BBAA3}"
EndProject
Project("{FAE04EC0-301F-11D3-BF4B-00C04F79EFBC}") = "ExprCalc.CoreLogic", "CoreLogic\ExprCalc.CoreLogic\ExprCalc.CoreLogic.csproj", "{79FCA50B-6F95-4DEB-AD4F-41067F5B98B6}"
EndProject
Project("{FAE04EC0-301F-11D3-BF4B-00C04F79EFBC}") = "ExprCalc.CoreLogic.Api", "CoreLogic\ExprCalc.CoreLogic.Api\ExprCalc.CoreLogic.Api.csproj", "{42249043-81A1-41DD-9EFA-AD505F2D6D33}"
EndProject
Project("{2150E333-8FDC-42A3-9474-1A3956D46DE8}") = "Storage", "Storage", "{1E92E21C-8E38-4618-AC93-F7BB53075FEC}"
EndProject
Project("{FAE04EC0-301F-11D3-BF4B-00C04F79EFBC}") = "ExprCalc.Storage", "Storage\ExprCalc.Storage\ExprCalc.Storage.csproj", "{BB33269B-29FC-4115-9307-FDBC14E4D9CA}"
EndProject
Project("{FAE04EC0-301F-11D3-BF4B-00C04F79EFBC}") = "ExprCalc.Storage.Api", "Storage\ExprCalc.Storage.Api\ExprCalc.Storage.Api.csproj", "{E8DAA39A-3856-4E70-AC3F-8A7CC5BF901D}"
EndProject
Project("{FAE04EC0-301F-11D3-BF4B-00C04F79EFBC}") = "ExprCalc.Entities", "Common\ExprCalc.Entities\ExprCalc.Entities.csproj", "{13BBF498-3D1C-482A-B893-71853A774616}"
EndProject
Project("{FAE04EC0-301F-11D3-BF4B-00C04F79EFBC}") = "ExprCalc.Common", "Common\ExprCalc.Common\ExprCalc.Common.csproj", "{894933AD-347F-4908-B0F1-1270F19408CA}"
EndProject
Project("{FAE04EC0-301F-11D3-BF4B-00C04F79EFBC}") = "ExprCalc.CoreLogic.Tests", "CoreLogic\ExprCalc.CoreLogic.Tests\ExprCalc.CoreLogic.Tests.csproj", "{BBFCEF44-08C6-4BE8-86C4-5C54B92261F4}"
EndProject
Global
	GlobalSection(SolutionConfigurationPlatforms) = preSolution
		Debug|Any CPU = Debug|Any CPU
		Release|Any CPU = Release|Any CPU
	EndGlobalSection
	GlobalSection(ProjectConfigurationPlatforms) = postSolution
		{D6F4EBC9-7267-4A4A-AE07-C3F982347A9E}.Debug|Any CPU.ActiveCfg = Debug|Any CPU
		{D6F4EBC9-7267-4A4A-AE07-C3F982347A9E}.Debug|Any CPU.Build.0 = Debug|Any CPU
		{D6F4EBC9-7267-4A4A-AE07-C3F982347A9E}.Release|Any CPU.ActiveCfg = Release|Any CPU
		{D6F4EBC9-7267-4A4A-AE07-C3F982347A9E}.Release|Any CPU.Build.0 = Release|Any CPU
		{56A0AA8D-1096-44C7-A804-295A6D733418}.Debug|Any CPU.ActiveCfg = Debug|Any CPU
		{56A0AA8D-1096-44C7-A804-295A6D733418}.Debug|Any CPU.Build.0 = Debug|Any CPU
		{56A0AA8D-1096-44C7-A804-295A6D733418}.Release|Any CPU.ActiveCfg = Release|Any CPU
		{56A0AA8D-1096-44C7-A804-295A6D733418}.Release|Any CPU.Build.0 = Release|Any CPU
		{3366A370-7790-4791-935D-4D4D518C4AB2}.Debug|Any CPU.ActiveCfg = Debug|Any CPU
		{3366A370-7790-4791-935D-4D4D518C4AB2}.Debug|Any CPU.Build.0 = Debug|Any CPU
		{3366A370-7790-4791-935D-4D4D518C4AB2}.Release|Any CPU.ActiveCfg = Release|Any CPU
		{3366A370-7790-4791-935D-4D4D518C4AB2}.Release|Any CPU.Build.0 = Release|Any CPU
		{7F111FAE-F89A-4C54-A8B2-91BA5CFBB05D}.Debug|Any CPU.ActiveCfg = Debug|Any CPU
		{7F111FAE-F89A-4C54-A8B2-91BA5CFBB05D}.Debug|Any CPU.Build.0 = Debug|Any CPU
		{7F111FAE-F89A-4C54-A8B2-91BA5CFBB05D}.Release|Any CPU.ActiveCfg = Release|Any CPU
		{7F111FAE-F89A-4C54-A8B2-91BA5CFBB05D}.Release|Any CPU.Build.0 = Release|Any CPU
		{447FFBD0-5279-4E9F-8BFB-6A1DA9046C87}.Debug|Any CPU.ActiveCfg = Debug|Any CPU
		{447FFBD0-5279-4E9F-8BFB-6A1DA9046C87}.Debug|Any CPU.Build.0 = Debug|Any CPU
		{447FFBD0-5279-4E9F-8BFB-6A1DA9046C87}.Release|Any CPU.ActiveCfg = Release|Any CPU
		{447FFBD0-5279-4E9F-8BFB-6A1DA9046C87}.Release|Any CPU.Build.0 = Release|Any CPU
		{79FCA50B-6F95-4DEB-AD4F-41067F5B98B6}.Debug|Any CPU.ActiveCfg = Debug|Any CPU
		{79FCA50B-6F95-4DEB-AD4F-41067F5B98B6}.Debug|Any CPU.Build.0 = Debug|Any CPU
		{79FCA50B-6F95-4DEB-AD4F-41067F5B98B6}.Release|Any CPU.ActiveCfg = Release|Any CPU
		{79FCA50B-6F95-4DEB-AD4F-41067F5B98B6}.Release|Any CPU.Build.0 = Release|Any CPU
		{42249043-81A1-41DD-9EFA-AD505F2D6D33}.Debug|Any CPU.ActiveCfg = Debug|Any CPU
		{42249043-81A1-41DD-9EFA-AD505F2D6D33}.Debug|Any CPU.Build.0 = Debug|Any CPU
		{42249043-81A1-41DD-9EFA-AD505F2D6D33}.Release|Any CPU.ActiveCfg = Release|Any CPU
		{42249043-81A1-41DD-9EFA-AD505F2D6D33}.Release|Any CPU.Build.0 = Release|Any CPU
		{BB33269B-29FC-4115-9307-FDBC14E4D9CA}.Debug|Any CPU.ActiveCfg = Debug|Any CPU
		{BB33269B-29FC-4115-9307-FDBC14E4D9CA}.Debug|Any CPU.Build.0 = Debug|Any CPU
		{BB33269B-29FC-4115-9307-FDBC14E4D9CA}.Release|Any CPU.ActiveCfg = Release|Any CPU
		{BB33269B-29FC-4115-9307-FDBC14E4D9CA}.Release|Any CPU.Build.0 = Release|Any CPU
		{E8DAA39A-3856-4E70-AC3F-8A7CC5BF901D}.Debug|Any CPU.ActiveCfg = Debug|Any CPU
		{E8DAA39A-3856-4E70-AC3F-8A7CC5BF901D}.Debug|Any CPU.Build.0 = Debug|Any CPU
		{E8DAA39A-3856-4E70-AC3F-8A7CC5BF901D}.Release|Any CPU.ActiveCfg = Release|Any CPU
		{E8DAA39A-3856-4E70-AC3F-8A7CC5BF901D}.Release|Any CPU.Build.0 = Release|Any CPU
		{13BBF498-3D1C-482A-B893-71853A774616}.Debug|Any CPU.ActiveCfg = Debug|Any CPU
		{13BBF498-3D1C-482A-B893-71853A774616}.Debug|Any CPU.Build.0 = Debug|Any CPU
		{13BBF498-3D1C-482A-B893-71853A774616}.Release|Any CPU.ActiveCfg = Release|Any CPU
		{13BBF498-3D1C-482A-B893-71853A774616}.Release|Any CPU.Build.0 = Release|Any CPU
		{894933AD-347F-4908-B0F1-1270F19408CA}.Debug|Any CPU.ActiveCfg = Debug|Any CPU
		{894933AD-347F-4908-B0F1-1270F19408CA}.Debug|Any CPU.Build.0 = Debug|Any CPU
		{894933AD-347F-4908-B0F1-1270F19408CA}.Release|Any CPU.ActiveCfg = Release|Any CPU
		{894933AD-347F-4908-B0F1-1270F19408CA}.Release|Any CPU.Build.0 = Release|Any CPU
		{BBFCEF44-08C6-4BE8-86C4-5C54B92261F4}.Debug|Any CPU.ActiveCfg = Debug|Any CPU
		{BBFCEF44-08C6-4BE8-86C4-5C54B92261F4}.Debug|Any CPU.Build.0 = Debug|Any CPU
		{BBFCEF44-08C6-4BE8-86C4-5C54B92261F4}.Release|Any CPU.ActiveCfg = Release|Any CPU
		{BBFCEF44-08C6-4BE8-86C4-5C54B92261F4}.Release|Any CPU.Build.0 = Release|Any CPU
	EndGlobalSection
	GlobalSection(SolutionProperties) = preSolution
		HideSolutionNode = FALSE
	EndGlobalSection
	GlobalSection(NestedProjects) = preSolution
		{56A0AA8D-1096-44C7-A804-295A6D733418} = {11875CEC-539A-4607-B268-1E6592F094F5}
		{3366A370-7790-4791-935D-4D4D518C4AB2} = {4939B10B-7466-44FC-9E67-795EA35BBAA3}
		{7F111FAE-F89A-4C54-A8B2-91BA5CFBB05D} = {4939B10B-7466-44FC-9E67-795EA35BBAA3}
		{447FFBD0-5279-4E9F-8BFB-6A1DA9046C87} = {D59BF61B-BA73-4060-A756-C88B940DDC56}
		{79FCA50B-6F95-4DEB-AD4F-41067F5B98B6} = {4939B10B-7466-44FC-9E67-795EA35BBAA3}
		{42249043-81A1-41DD-9EFA-AD505F2D6D33} = {4939B10B-7466-44FC-9E67-795EA35BBAA3}
		{BB33269B-29FC-4115-9307-FDBC14E4D9CA} = {1E92E21C-8E38-4618-AC93-F7BB53075FEC}
		{E8DAA39A-3856-4E70-AC3F-8A7CC5BF901D} = {1E92E21C-8E38-4618-AC93-F7BB53075FEC}
		{13BBF498-3D1C-482A-B893-71853A774616} = {C26B41A7-CF23-4B98-BCD8-834CC46124BE}
		{894933AD-347F-4908-B0F1-1270F19408CA} = {C26B41A7-CF23-4B98-BCD8-834CC46124BE}
		{BBFCEF44-08C6-4BE8-86C4-5C54B92261F4} = {4939B10B-7466-44FC-9E67-795EA35BBAA3}
	EndGlobalSection
EndGlobal
